// !$*UTF8*$!
{
	archiveVersion = 1;
	classes = {
	};
	objectVersion = 56;
	objects = {

/* Begin PBXBuildFile section */
		831779952BA04557003C15E2 /* AppDelegate.swift in Sources */ = {isa = PBXBuildFile; fileRef = 831779942BA04557003C15E2 /* AppDelegate.swift */; };
		831779972BA04557003C15E2 /* SceneDelegate.swift in Sources */ = {isa = PBXBuildFile; fileRef = 831779962BA04557003C15E2 /* SceneDelegate.swift */; };
		831779992BA04557003C15E2 /* ViewController.swift in Sources */ = {isa = PBXBuildFile; fileRef = 831779982BA04557003C15E2 /* ViewController.swift */; };
		8317799C2BA04557003C15E2 /* Main.storyboard in Resources */ = {isa = PBXBuildFile; fileRef = 8317799A2BA04557003C15E2 /* Main.storyboard */; };
		8317799E2BA0455A003C15E2 /* Assets.xcassets in Resources */ = {isa = PBXBuildFile; fileRef = 8317799D2BA0455A003C15E2 /* Assets.xcassets */; };
		831779A12BA0455A003C15E2 /* LaunchScreen.storyboard in Resources */ = {isa = PBXBuildFile; fileRef = 8317799F2BA0455A003C15E2 /* LaunchScreen.storyboard */; };
		831779AC2BA0455B003C15E2 /* todolistTests.swift in Sources */ = {isa = PBXBuildFile; fileRef = 831779AB2BA0455B003C15E2 /* todolistTests.swift */; };
		831779B62BA0455B003C15E2 /* todolistUITests.swift in Sources */ = {isa = PBXBuildFile; fileRef = 831779B52BA0455B003C15E2 /* todolistUITests.swift */; };
		831779B82BA0455B003C15E2 /* todolistUITestsLaunchTests.swift in Sources */ = {isa = PBXBuildFile; fileRef = 831779B72BA0455B003C15E2 /* todolistUITestsLaunchTests.swift */; };
		831779C52BA05321003C15E2 /* TableViewController.swift in Sources */ = {isa = PBXBuildFile; fileRef = 831779C42BA05321003C15E2 /* TableViewController.swift */; };
		831779C72BA41E30003C15E2 /* TaskItem.swift in Sources */ = {isa = PBXBuildFile; fileRef = 831779C62BA41E30003C15E2 /* TaskItem.swift */; };
/* End PBXBuildFile section */

/* Begin PBXContainerItemProxy section */
		831779A82BA0455B003C15E2 /* PBXContainerItemProxy */ = {
			isa = PBXContainerItemProxy;
			containerPortal = 831779892BA04557003C15E2 /* Project object */;
			proxyType = 1;
			remoteGlobalIDString = 831779902BA04557003C15E2;
			remoteInfo = todolist;
		};
		831779B22BA0455B003C15E2 /* PBXContainerItemProxy */ = {
			isa = PBXContainerItemProxy;
			containerPortal = 831779892BA04557003C15E2 /* Project object */;
			proxyType = 1;
			remoteGlobalIDString = 831779902BA04557003C15E2;
			remoteInfo = todolist;
		};
/* End PBXContainerItemProxy section */

/* Begin PBXFileReference section */
		831779912BA04557003C15E2 /* todolist.app */ = {isa = PBXFileReference; explicitFileType = wrapper.application; includeInIndex = 0; path = todolist.app; sourceTree = BUILT_PRODUCTS_DIR; };
		831779942BA04557003C15E2 /* AppDelegate.swift */ = {isa = PBXFileReference; lastKnownFileType = sourcecode.swift; path = AppDelegate.swift; sourceTree = "<group>"; };
		831779962BA04557003C15E2 /* SceneDelegate.swift */ = {isa = PBXFileReference; lastKnownFileType = sourcecode.swift; path = SceneDelegate.swift; sourceTree = "<group>"; };
		831779982BA04557003C15E2 /* ViewController.swift */ = {isa = PBXFileReference; lastKnownFileType = sourcecode.swift; path = ViewController.swift; sourceTree = "<group>"; };
		8317799B2BA04557003C15E2 /* Base */ = {isa = PBXFileReference; lastKnownFileType = file.storyboard; name = Base; path = Base.lproj/Main.storyboard; sourceTree = "<group>"; };
		8317799D2BA0455A003C15E2 /* Assets.xcassets */ = {isa = PBXFileReference; lastKnownFileType = folder.assetcatalog; path = Assets.xcassets; sourceTree = "<group>"; };
		831779A02BA0455A003C15E2 /* Base */ = {isa = PBXFileReference; lastKnownFileType = file.storyboard; name = Base; path = Base.lproj/LaunchScreen.storyboard; sourceTree = "<group>"; };
		831779A22BA0455A003C15E2 /* Info.plist */ = {isa = PBXFileReference; lastKnownFileType = text.plist.xml; path = Info.plist; sourceTree = "<group>"; };
		831779A72BA0455B003C15E2 /* todolistTests.xctest */ = {isa = PBXFileReference; explicitFileType = wrapper.cfbundle; includeInIndex = 0; path = todolistTests.xctest; sourceTree = BUILT_PRODUCTS_DIR; };
		831779AB2BA0455B003C15E2 /* todolistTests.swift */ = {isa = PBXFileReference; lastKnownFileType = sourcecode.swift; path = todolistTests.swift; sourceTree = "<group>"; };
		831779B12BA0455B003C15E2 /* todolistUITests.xctest */ = {isa = PBXFileReference; explicitFileType = wrapper.cfbundle; includeInIndex = 0; path = todolistUITests.xctest; sourceTree = BUILT_PRODUCTS_DIR; };
		831779B52BA0455B003C15E2 /* todolistUITests.swift */ = {isa = PBXFileReference; lastKnownFileType = sourcecode.swift; path = todolistUITests.swift; sourceTree = "<group>"; };
		831779B72BA0455B003C15E2 /* todolistUITestsLaunchTests.swift */ = {isa = PBXFileReference; lastKnownFileType = sourcecode.swift; path = todolistUITestsLaunchTests.swift; sourceTree = "<group>"; };
		831779C42BA05321003C15E2 /* TableViewController.swift */ = {isa = PBXFileReference; lastKnownFileType = sourcecode.swift; path = TableViewController.swift; sourceTree = "<group>"; };
		831779C62BA41E30003C15E2 /* TaskItem.swift */ = {isa = PBXFileReference; lastKnownFileType = sourcecode.swift; path = TaskItem.swift; sourceTree = "<group>"; };
/* End PBXFileReference section */

/* Begin PBXFrameworksBuildPhase section */
		8317798E2BA04557003C15E2 /* Frameworks */ = {
			isa = PBXFrameworksBuildPhase;
			buildActionMask = 2147483647;
			files = (
			);
			runOnlyForDeploymentPostprocessing = 0;
		};
		831779A42BA0455B003C15E2 /* Frameworks */ = {
			isa = PBXFrameworksBuildPhase;
			buildActionMask = 2147483647;
			files = (
			);
			runOnlyForDeploymentPostprocessing = 0;
		};
		831779AE2BA0455B003C15E2 /* Frameworks */ = {
			isa = PBXFrameworksBuildPhase;
			buildActionMask = 2147483647;
			files = (
			);
			runOnlyForDeploymentPostprocessing = 0;
		};
/* End PBXFrameworksBuildPhase section */

/* Begin PBXGroup section */
		831779882BA04557003C15E2 = {
			isa = PBXGroup;
			children = (
				831779932BA04557003C15E2 /* todolist */,
				831779AA2BA0455B003C15E2 /* todolistTests */,
				831779B42BA0455B003C15E2 /* todolistUITests */,
				831779922BA04557003C15E2 /* Products */,
			);
			sourceTree = "<group>";
		};
		831779922BA04557003C15E2 /* Products */ = {
			isa = PBXGroup;
			children = (
				831779912BA04557003C15E2 /* todolist.app */,
				831779A72BA0455B003C15E2 /* todolistTests.xctest */,
				831779B12BA0455B003C15E2 /* todolistUITests.xctest */,
			);
			name = Products;
			sourceTree = "<group>";
		};
		831779932BA04557003C15E2 /* todolist */ = {
			isa = PBXGroup;
			children = (
				831779942BA04557003C15E2 /* AppDelegate.swift */,
				831779962BA04557003C15E2 /* SceneDelegate.swift */,
				831779982BA04557003C15E2 /* ViewController.swift */,
				831779C42BA05321003C15E2 /* TableViewController.swift */,
				831779C62BA41E30003C15E2 /* TaskItem.swift */,
				8317799A2BA04557003C15E2 /* Main.storyboard */,
				8317799D2BA0455A003C15E2 /* Assets.xcassets */,
				8317799F2BA0455A003C15E2 /* LaunchScreen.storyboard */,
				831779A22BA0455A003C15E2 /* Info.plist */,
			);
			path = todolist;
			sourceTree = "<group>";
		};
		831779AA2BA0455B003C15E2 /* todolistTests */ = {
			isa = PBXGroup;
			children = (
				831779AB2BA0455B003C15E2 /* todolistTests.swift */,
			);
			path = todolistTests;
			sourceTree = "<group>";
		};
		831779B42BA0455B003C15E2 /* todolistUITests */ = {
			isa = PBXGroup;
			children = (
				831779B52BA0455B003C15E2 /* todolistUITests.swift */,
				831779B72BA0455B003C15E2 /* todolistUITestsLaunchTests.swift */,
			);
			path = todolistUITests;
			sourceTree = "<group>";
		};
/* End PBXGroup section */

/* Begin PBXNativeTarget section */
		831779902BA04557003C15E2 /* todolist */ = {
			isa = PBXNativeTarget;
			buildConfigurationList = 831779BB2BA0455B003C15E2 /* Build configuration list for PBXNativeTarget "todolist" */;
			buildPhases = (
				8317798D2BA04557003C15E2 /* Sources */,
				8317798E2BA04557003C15E2 /* Frameworks */,
				8317798F2BA04557003C15E2 /* Resources */,
			);
			buildRules = (
			);
			dependencies = (
			);
			name = todolist;
			productName = todolist;
			productReference = 831779912BA04557003C15E2 /* todolist.app */;
			productType = "com.apple.product-type.application";
		};
		831779A62BA0455B003C15E2 /* todolistTests */ = {
			isa = PBXNativeTarget;
			buildConfigurationList = 831779BE2BA0455B003C15E2 /* Build configuration list for PBXNativeTarget "todolistTests" */;
			buildPhases = (
				831779A32BA0455B003C15E2 /* Sources */,
				831779A42BA0455B003C15E2 /* Frameworks */,
				831779A52BA0455B003C15E2 /* Resources */,
			);
			buildRules = (
			);
			dependencies = (
				831779A92BA0455B003C15E2 /* PBXTargetDependency */,
			);
			name = todolistTests;
			productName = todolistTests;
			productReference = 831779A72BA0455B003C15E2 /* todolistTests.xctest */;
			productType = "com.apple.product-type.bundle.unit-test";
		};
		831779B02BA0455B003C15E2 /* todolistUITests */ = {
			isa = PBXNativeTarget;
			buildConfigurationList = 831779C12BA0455B003C15E2 /* Build configuration list for PBXNativeTarget "todolistUITests" */;
			buildPhases = (
				831779AD2BA0455B003C15E2 /* Sources */,
				831779AE2BA0455B003C15E2 /* Frameworks */,
				831779AF2BA0455B003C15E2 /* Resources */,
			);
			buildRules = (
			);
			dependencies = (
				831779B32BA0455B003C15E2 /* PBXTargetDependency */,
			);
			name = todolistUITests;
			productName = todolistUITests;
			productReference = 831779B12BA0455B003C15E2 /* todolistUITests.xctest */;
			productType = "com.apple.product-type.bundle.ui-testing";
		};
/* End PBXNativeTarget section */

/* Begin PBXProject section */
		831779892BA04557003C15E2 /* Project object */ = {
			isa = PBXProject;
			attributes = {
				BuildIndependentTargetsInParallel = 1;
				LastSwiftUpdateCheck = 1510;
				LastUpgradeCheck = 1510;
				TargetAttributes = {
					831779902BA04557003C15E2 = {
						CreatedOnToolsVersion = 15.1;
					};
					831779A62BA0455B003C15E2 = {
						CreatedOnToolsVersion = 15.1;
						TestTargetID = 831779902BA04557003C15E2;
					};
					831779B02BA0455B003C15E2 = {
						CreatedOnToolsVersion = 15.1;
						TestTargetID = 831779902BA04557003C15E2;
					};
				};
			};
			buildConfigurationList = 8317798C2BA04557003C15E2 /* Build configuration list for PBXProject "todolist" */;
			compatibilityVersion = "Xcode 14.0";
			developmentRegion = en;
			hasScannedForEncodings = 0;
			knownRegions = (
				en,
				Base,
			);
			mainGroup = 831779882BA04557003C15E2;
			productRefGroup = 831779922BA04557003C15E2 /* Products */;
			projectDirPath = "";
			projectRoot = "";
			targets = (
				831779902BA04557003C15E2 /* todolist */,
				831779A62BA0455B003C15E2 /* todolistTests */,
				831779B02BA0455B003C15E2 /* todolistUITests */,
			);
		};
/* End PBXProject section */

/* Begin PBXResourcesBuildPhase section */
		8317798F2BA04557003C15E2 /* Resources */ = {
			isa = PBXResourcesBuildPhase;
			buildActionMask = 2147483647;
			files = (
				831779A12BA0455A003C15E2 /* LaunchScreen.storyboard in Resources */,
				8317799E2BA0455A003C15E2 /* Assets.xcassets in Resources */,
				8317799C2BA04557003C15E2 /* Main.storyboard in Resources */,
			);
			runOnlyForDeploymentPostprocessing = 0;
		};
		831779A52BA0455B003C15E2 /* Resources */ = {
			isa = PBXResourcesBuildPhase;
			buildActionMask = 2147483647;
			files = (
			);
			runOnlyForDeploymentPostprocessing = 0;
		};
		831779AF2BA0455B003C15E2 /* Resources */ = {
			isa = PBXResourcesBuildPhase;
			buildActionMask = 2147483647;
			files = (
			);
			runOnlyForDeploymentPostprocessing = 0;
		};
/* End PBXResourcesBuildPhase section */

/* Begin PBXSourcesBuildPhase section */
		8317798D2BA04557003C15E2 /* Sources */ = {
			isa = PBXSourcesBuildPhase;
			buildActionMask = 2147483647;
			files = (
				831779992BA04557003C15E2 /* ViewController.swift in Sources */,
				831779C72BA41E30003C15E2 /* TaskItem.swift in Sources */,
				831779952BA04557003C15E2 /* AppDelegate.swift in Sources */,
				831779972BA04557003C15E2 /* SceneDelegate.swift in Sources */,
				831779C52BA05321003C15E2 /* TableViewController.swift in Sources */,
			);
			runOnlyForDeploymentPostprocessing = 0;
		};
		831779A32BA0455B003C15E2 /* Sources */ = {
			isa = PBXSourcesBuildPhase;
			buildActionMask = 2147483647;
			files = (
				831779AC2BA0455B003C15E2 /* todolistTests.swift in Sources */,
			);
			runOnlyForDeploymentPostprocessing = 0;
		};
		831779AD2BA0455B003C15E2 /* Sources */ = {
			isa = PBXSourcesBuildPhase;
			buildActionMask = 2147483647;
			files = (
				831779B82BA0455B003C15E2 /* todolistUITestsLaunchTests.swift in Sources */,
				831779B62BA0455B003C15E2 /* todolistUITests.swift in Sources */,
			);
			runOnlyForDeploymentPostprocessing = 0;
		};
/* End PBXSourcesBuildPhase section */

/* Begin PBXTargetDependency section */
		831779A92BA0455B003C15E2 /* PBXTargetDependency */ = {
			isa = PBXTargetDependency;
			target = 831779902BA04557003C15E2 /* todolist */;
			targetProxy = 831779A82BA0455B003C15E2 /* PBXContainerItemProxy */;
		};
		831779B32BA0455B003C15E2 /* PBXTargetDependency */ = {
			isa = PBXTargetDependency;
			target = 831779902BA04557003C15E2 /* todolist */;
			targetProxy = 831779B22BA0455B003C15E2 /* PBXContainerItemProxy */;
		};
/* End PBXTargetDependency section */

/* Begin PBXVariantGroup section */
		8317799A2BA04557003C15E2 /* Main.storyboard */ = {
			isa = PBXVariantGroup;
			children = (
				8317799B2BA04557003C15E2 /* Base */,
			);
			name = Main.storyboard;
			sourceTree = "<group>";
		};
		8317799F2BA0455A003C15E2 /* LaunchScreen.storyboard */ = {
			isa = PBXVariantGroup;
			children = (
				831779A02BA0455A003C15E2 /* Base */,
			);
			name = LaunchScreen.storyboard;
			sourceTree = "<group>";
		};
/* End PBXVariantGroup section */

/* Begin XCBuildConfiguration section */
		831779B92BA0455B003C15E2 /* Debug */ = {
			isa = XCBuildConfiguration;
			buildSettings = {
				ALWAYS_SEARCH_USER_PATHS = NO;
				ASSETCATALOG_COMPILER_GENERATE_SWIFT_ASSET_SYMBOL_EXTENSIONS = YES;
				CLANG_ANALYZER_NONNULL = YES;
				CLANG_ANALYZER_NUMBER_OBJECT_CONVERSION = YES_AGGRESSIVE;
				CLANG_CXX_LANGUAGE_STANDARD = "gnu++20";
				CLANG_ENABLE_MODULES = YES;
				CLANG_ENABLE_OBJC_ARC = YES;
				CLANG_ENABLE_OBJC_WEAK = YES;
				CLANG_WARN_BLOCK_CAPTURE_AUTORELEASING = YES;
				CLANG_WARN_BOOL_CONVERSION = YES;
				CLANG_WARN_COMMA = YES;
				CLANG_WARN_CONSTANT_CONVERSION = YES;
				CLANG_WARN_DEPRECATED_OBJC_IMPLEMENTATIONS = YES;
				CLANG_WARN_DIRECT_OBJC_ISA_USAGE = YES_ERROR;
				CLANG_WARN_DOCUMENTATION_COMMENTS = YES;
				CLANG_WARN_EMPTY_BODY = YES;
				CLANG_WARN_ENUM_CONVERSION = YES;
				CLANG_WARN_INFINITE_RECURSION = YES;
				CLANG_WARN_INT_CONVERSION = YES;
				CLANG_WARN_NON_LITERAL_NULL_CONVERSION = YES;
				CLANG_WARN_OBJC_IMPLICIT_RETAIN_SELF = YES;
				CLANG_WARN_OBJC_LITERAL_CONVERSION = YES;
				CLANG_WARN_OBJC_ROOT_CLASS = YES_ERROR;
				CLANG_WARN_QUOTED_INCLUDE_IN_FRAMEWORK_HEADER = YES;
				CLANG_WARN_RANGE_LOOP_ANALYSIS = YES;
				CLANG_WARN_STRICT_PROTOTYPES = YES;
				CLANG_WARN_SUSPICIOUS_MOVE = YES;
				CLANG_WARN_UNGUARDED_AVAILABILITY = YES_AGGRESSIVE;
				CLANG_WARN_UNREACHABLE_CODE = YES;
				CLANG_WARN__DUPLICATE_METHOD_MATCH = YES;
				COPY_PHASE_STRIP = NO;
				DEBUG_INFORMATION_FORMAT = dwarf;
				ENABLE_STRICT_OBJC_MSGSEND = YES;
				ENABLE_TESTABILITY = YES;
				ENABLE_USER_SCRIPT_SANDBOXING = YES;
				GCC_C_LANGUAGE_STANDARD = gnu17;
				GCC_DYNAMIC_NO_PIC = NO;
				GCC_NO_COMMON_BLOCKS = YES;
				GCC_OPTIMIZATION_LEVEL = 0;
				GCC_PREPROCESSOR_DEFINITIONS = (
					"DEBUG=1",
					"$(inherited)",
				);
				GCC_WARN_64_TO_32_BIT_CONVERSION = YES;
				GCC_WARN_ABOUT_RETURN_TYPE = YES_ERROR;
				GCC_WARN_UNDECLARED_SELECTOR = YES;
				GCC_WARN_UNINITIALIZED_AUTOS = YES_AGGRESSIVE;
				GCC_WARN_UNUSED_FUNCTION = YES;
				GCC_WARN_UNUSED_VARIABLE = YES;
				IPHONEOS_DEPLOYMENT_TARGET = 17.2;
				LOCALIZATION_PREFERS_STRING_CATALOGS = YES;
				MTL_ENABLE_DEBUG_INFO = INCLUDE_SOURCE;
				MTL_FAST_MATH = YES;
				ONLY_ACTIVE_ARCH = YES;
				SDKROOT = iphoneos;
				SWIFT_ACTIVE_COMPILATION_CONDITIONS = "DEBUG $(inherited)";
				SWIFT_OPTIMIZATION_LEVEL = "-Onone";
			};
			name = Debug;
		};
		831779BA2BA0455B003C15E2 /* Release */ = {
			isa = XCBuildConfiguration;
			buildSettings = {
				ALWAYS_SEARCH_USER_PATHS = NO;
				ASSETCATALOG_COMPILER_GENERATE_SWIFT_ASSET_SYMBOL_EXTENSIONS = YES;
				CLANG_ANALYZER_NONNULL = YES;
				CLANG_ANALYZER_NUMBER_OBJECT_CONVERSION = YES_AGGRESSIVE;
				CLANG_CXX_LANGUAGE_STANDARD = "gnu++20";
				CLANG_ENABLE_MODULES = YES;
				CLANG_ENABLE_OBJC_ARC = YES;
				CLANG_ENABLE_OBJC_WEAK = YES;
				CLANG_WARN_BLOCK_CAPTURE_AUTORELEASING = YES;
				CLANG_WARN_BOOL_CONVERSION = YES;
				CLANG_WARN_COMMA = YES;
				CLANG_WARN_CONSTANT_CONVERSION = YES;
				CLANG_WARN_DEPRECATED_OBJC_IMPLEMENTATIONS = YES;
				CLANG_WARN_DIRECT_OBJC_ISA_USAGE = YES_ERROR;
				CLANG_WARN_DOCUMENTATION_COMMENTS = YES;
				CLANG_WARN_EMPTY_BODY = YES;
				CLANG_WARN_ENUM_CONVERSION = YES;
				CLANG_WARN_INFINITE_RECURSION = YES;
				CLANG_WARN_INT_CONVERSION = YES;
				CLANG_WARN_NON_LITERAL_NULL_CONVERSION = YES;
				CLANG_WARN_OBJC_IMPLICIT_RETAIN_SELF = YES;
				CLANG_WARN_OBJC_LITERAL_CONVERSION = YES;
				CLANG_WARN_OBJC_ROOT_CLASS = YES_ERROR;
				CLANG_WARN_QUOTED_INCLUDE_IN_FRAMEWORK_HEADER = YES;
				CLANG_WARN_RANGE_LOOP_ANALYSIS = YES;
				CLANG_WARN_STRICT_PROTOTYPES = YES;
				CLANG_WARN_SUSPICIOUS_MOVE = YES;
				CLANG_WARN_UNGUARDED_AVAILABILITY = YES_AGGRESSIVE;
				CLANG_WARN_UNREACHABLE_CODE = YES;
				CLANG_WARN__DUPLICATE_METHOD_MATCH = YES;
				COPY_PHASE_STRIP = NO;
				DEBUG_INFORMATION_FORMAT = "dwarf-with-dsym";
				ENABLE_NS_ASSERTIONS = NO;
				ENABLE_STRICT_OBJC_MSGSEND = YES;
				ENABLE_USER_SCRIPT_SANDBOXING = YES;
				GCC_C_LANGUAGE_STANDARD = gnu17;
				GCC_NO_COMMON_BLOCKS = YES;
				GCC_WARN_64_TO_32_BIT_CONVERSION = YES;
				GCC_WARN_ABOUT_RETURN_TYPE = YES_ERROR;
				GCC_WARN_UNDECLARED_SELECTOR = YES;
				GCC_WARN_UNINITIALIZED_AUTOS = YES_AGGRESSIVE;
				GCC_WARN_UNUSED_FUNCTION = YES;
				GCC_WARN_UNUSED_VARIABLE = YES;
				IPHONEOS_DEPLOYMENT_TARGET = 17.2;
				LOCALIZATION_PREFERS_STRING_CATALOGS = YES;
				MTL_ENABLE_DEBUG_INFO = NO;
				MTL_FAST_MATH = YES;
				SDKROOT = iphoneos;
				SWIFT_COMPILATION_MODE = wholemodule;
				VALIDATE_PRODUCT = YES;
			};
			name = Release;
		};
		831779BC2BA0455B003C15E2 /* Debug */ = {
			isa = XCBuildConfiguration;
			buildSettings = {
				ASSETCATALOG_COMPILER_APPICON_NAME = AppIcon;
				ASSETCATALOG_COMPILER_GLOBAL_ACCENT_COLOR_NAME = AccentColor;
				CODE_SIGN_STYLE = Automatic;
				CURRENT_PROJECT_VERSION = 1;
				GENERATE_INFOPLIST_FILE = YES;
				INFOPLIST_FILE = todolist/Info.plist;
				INFOPLIST_KEY_UIApplicationSupportsIndirectInputEvents = YES;
				INFOPLIST_KEY_UILaunchStoryboardName = LaunchScreen;
				INFOPLIST_KEY_UIMainStoryboardFile = Main;
				INFOPLIST_KEY_UISupportedInterfaceOrientations_iPad = "UIInterfaceOrientationPortrait UIInterfaceOrientationPortraitUpsideDown UIInterfaceOrientationLandscapeLeft UIInterfaceOrientationLandscapeRight";
				INFOPLIST_KEY_UISupportedInterfaceOrientations_iPhone = "UIInterfaceOrientationPortrait UIInterfaceOrientationLandscapeLeft UIInterfaceOrientationLandscapeRight";
				IPHONEOS_DEPLOYMENT_TARGET = 15.0;
				LD_RUNPATH_SEARCH_PATHS = (
					"$(inherited)",
					"@executable_path/Frameworks",
				);
				MARKETING_VERSION = 1.0;
				PRODUCT_BUNDLE_IDENTIFIER = com.avokado.todolist;
				PRODUCT_NAME = "$(TARGET_NAME)";
				SUPPORTED_PLATFORMS = "iphoneos iphonesimulator";
				SUPPORTS_MACCATALYST = NO;
				SUPPORTS_MAC_DESIGNED_FOR_IPHONE_IPAD = NO;
				SWIFT_EMIT_LOC_STRINGS = YES;
				SWIFT_VERSION = 5.0;
				TARGETED_DEVICE_FAMILY = "1,2";
			};
			name = Debug;
		};
		831779BD2BA0455B003C15E2 /* Release */ = {
			isa = XCBuildConfiguration;
			buildSettings = {
				ASSETCATALOG_COMPILER_APPICON_NAME = AppIcon;
				ASSETCATALOG_COMPILER_GLOBAL_ACCENT_COLOR_NAME = AccentColor;
				CODE_SIGN_STYLE = Automatic;
				CURRENT_PROJECT_VERSION = 1;
				GENERATE_INFOPLIST_FILE = YES;
				INFOPLIST_FILE = todolist/Info.plist;
				INFOPLIST_KEY_UIApplicationSupportsIndirectInputEvents = YES;
				INFOPLIST_KEY_UILaunchStoryboardName = LaunchScreen;
				INFOPLIST_KEY_UIMainStoryboardFile = Main;
				INFOPLIST_KEY_UISupportedInterfaceOrientations_iPad = "UIInterfaceOrientationPortrait UIInterfaceOrientationPortraitUpsideDown UIInterfaceOrientationLandscapeLeft UIInterfaceOrientationLandscapeRight";
				INFOPLIST_KEY_UISupportedInterfaceOrientations_iPhone = "UIInterfaceOrientationPortrait UIInterfaceOrientationLandscapeLeft UIInterfaceOrientationLandscapeRight";
				IPHONEOS_DEPLOYMENT_TARGET = 15.0;
				LD_RUNPATH_SEARCH_PATHS = (
					"$(inherited)",
					"@executable_path/Frameworks",
				);
				MARKETING_VERSION = 1.0;
				PRODUCT_BUNDLE_IDENTIFIER = com.avokado.todolist;
				PRODUCT_NAME = "$(TARGET_NAME)";
				SUPPORTED_PLATFORMS = "iphoneos iphonesimulator";
				SUPPORTS_MACCATALYST = NO;
				SUPPORTS_MAC_DESIGNED_FOR_IPHONE_IPAD = NO;
				SWIFT_EMIT_LOC_STRINGS = YES;
				SWIFT_VERSION = 5.0;
				TARGETED_DEVICE_FAMILY = "1,2";
			};
			name = Release;
		};
		831779BF2BA0455B003C15E2 /* Debug */ = {
			isa = XCBuildConfiguration;
			buildSettings = {
				ALWAYS_EMBED_SWIFT_STANDARD_LIBRARIES = YES;
				BUNDLE_LOADER = "$(TEST_HOST)";
				CODE_SIGN_STYLE = Automatic;
				CURRENT_PROJECT_VERSION = 1;
				GENERATE_INFOPLIST_FILE = YES;
				IPHONEOS_DEPLOYMENT_TARGET = 17.2;
				MARKETING_VERSION = 1.0;
				PRODUCT_BUNDLE_IDENTIFIER = com.avokado.todolistTests;
				PRODUCT_NAME = "$(TARGET_NAME)";
				SWIFT_EMIT_LOC_STRINGS = NO;
				SWIFT_VERSION = 5.0;
				TARGETED_DEVICE_FAMILY = "1,2";
				TEST_HOST = "$(BUILT_PRODUCTS_DIR)/todolist.app/$(BUNDLE_EXECUTABLE_FOLDER_PATH)/todolist";
			};
			name = Debug;
		};
		831779C02BA0455B003C15E2 /* Release */ = {
			isa = XCBuildConfiguration;
			buildSettings = {
				ALWAYS_EMBED_SWIFT_STANDARD_LIBRARIES = YES;
				BUNDLE_LOADER = "$(TEST_HOST)";
				CODE_SIGN_STYLE = Automatic;
				CURRENT_PROJECT_VERSION = 1;
				GENERATE_INFOPLIST_FILE = YES;
				IPHONEOS_DEPLOYMENT_TARGET = 17.2;
				MARKETING_VERSION = 1.0;
				PRODUCT_BUNDLE_IDENTIFIER = com.avokado.todolistTests;
				PRODUCT_NAME = "$(TARGET_NAME)";
				SWIFT_EMIT_LOC_STRINGS = NO;
				SWIFT_VERSION = 5.0;
				TARGETED_DEVICE_FAMILY = "1,2";
				TEST_HOST = "$(BUILT_PRODUCTS_DIR)/todolist.app/$(BUNDLE_EXECUTABLE_FOLDER_PATH)/todolist";
			};
			name = Release;
		};
		831779C22BA0455B003C15E2 /* Debug */ = {
			isa = XCBuildConfiguration;
			buildSettings = {
				ALWAYS_EMBED_SWIFT_STANDARD_LIBRARIES = YES;
				CODE_SIGN_STYLE = Automatic;
				CURRENT_PROJECT_VERSION = 1;
				GENERATE_INFOPLIST_FILE = YES;
				MARKETING_VERSION = 1.0;
				PRODUCT_BUNDLE_IDENTIFIER = com.avokado.todolistUITests;
				PRODUCT_NAME = "$(TARGET_NAME)";
				SWIFT_EMIT_LOC_STRINGS = NO;
				SWIFT_VERSION = 5.0;
				TARGETED_DEVICE_FAMILY = "1,2";
				TEST_TARGET_NAME = todolist;
			};
			name = Debug;
		};
		831779C32BA0455B003C15E2 /* Release */ = {
			isa = XCBuildConfiguration;
			buildSettings = {
				ALWAYS_EMBED_SWIFT_STANDARD_LIBRARIES = YES;
				CODE_SIGN_STYLE = Automatic;
				CURRENT_PROJECT_VERSION = 1;
				GENERATE_INFOPLIST_FILE = YES;
				MARKETING_VERSION = 1.0;
				PRODUCT_BUNDLE_IDENTIFIER = com.avokado.todolistUITests;
				PRODUCT_NAME = "$(TARGET_NAME)";
				SWIFT_EMIT_LOC_STRINGS = NO;
				SWIFT_VERSION = 5.0;
				TARGETED_DEVICE_FAMILY = "1,2";
				TEST_TARGET_NAME = todolist;
			};
			name = Release;
		};
/* End XCBuildConfiguration section */

/* Begin XCConfigurationList section */
		8317798C2BA04557003C15E2 /* Build configuration list for PBXProject "todolist" */ = {
			isa = XCConfigurationList;
			buildConfigurations = (
				831779B92BA0455B003C15E2 /* Debug */,
				831779BA2BA0455B003C15E2 /* Release */,
			);
			defaultConfigurationIsVisible = 0;
			defaultConfigurationName = Release;
		};
		831779BB2BA0455B003C15E2 /* Build configuration list for PBXNativeTarget "todolist" */ = {
			isa = XCConfigurationList;
			buildConfigurations = (
				831779BC2BA0455B003C15E2 /* Debug */,
				831779BD2BA0455B003C15E2 /* Release */,
			);
			defaultConfigurationIsVisible = 0;
			defaultConfigurationName = Release;
		};
		831779BE2BA0455B003C15E2 /* Build configuration list for PBXNativeTarget "todolistTests" */ = {
			isa = XCConfigurationList;
			buildConfigurations = (
				831779BF2BA0455B003C15E2 /* Debug */,
				831779C02BA0455B003C15E2 /* Release */,
			);
			defaultConfigurationIsVisible = 0;
			defaultConfigurationName = Release;
		};
		831779C12BA0455B003C15E2 /* Build configuration list for PBXNativeTarget "todolistUITests" */ = {
			isa = XCConfigurationList;
			buildConfigurations = (
				831779C22BA0455B003C15E2 /* Debug */,
				831779C32BA0455B003C15E2 /* Release */,
			);
			defaultConfigurationIsVisible = 0;
			defaultConfigurationName = Release;
		};
/* End XCConfigurationList section */
	};
	rootObject = 831779892BA04557003C15E2 /* Project object */;
}
